
Microsoft Visual Studio Solution File, Format Version 12.00
# Visual Studio 15
VisualStudioVersion = 15.0.26124.0
MinimumVisualStudioVersion = 15.0.26124.0
Project("{FAE04EC0-301F-11D3-BF4B-00C04F79EFBC}") = "Savalan.Tests", "Savalan.Tests\Savalan.Tests.csproj", "{53D0CEB6-6AE1-47C7-BC0D-858C8E0425D6}"
EndProject
Project("{FAE04EC0-301F-11D3-BF4B-00C04F79EFBC}") = "Savalan.DataAccess", "Savalan.DataAccess\Savalan.DataAccess.csproj", "{9337D8C6-10B3-483A-9CC9-3B23D63FB7DB}"
EndProject
Project("{FAE04EC0-301F-11D3-BF4B-00C04F79EFBC}") = "Savalan.WebSample", "Savalan.WebSample\Savalan.WebSample.csproj", "{A8EBAE76-884E-4649-B171-769BF4FD41A9}"
EndProject
Global
	GlobalSection(SolutionConfigurationPlatforms) = preSolution
		Debug|Any CPU = Debug|Any CPU
		Debug|x64 = Debug|x64
		Debug|x86 = Debug|x86
		Release|Any CPU = Release|Any CPU
		Release|x64 = Release|x64
		Release|x86 = Release|x86
	EndGlobalSection
	GlobalSection(SolutionProperties) = preSolution
		HideSolutionNode = FALSE
	EndGlobalSection
	GlobalSection(ProjectConfigurationPlatforms) = postSolution
		{53D0CEB6-6AE1-47C7-BC0D-858C8E0425D6}.Debug|Any CPU.ActiveCfg = Debug|Any CPU
		{53D0CEB6-6AE1-47C7-BC0D-858C8E0425D6}.Debug|Any CPU.Build.0 = Debug|Any CPU
		{53D0CEB6-6AE1-47C7-BC0D-858C8E0425D6}.Debug|x64.ActiveCfg = Debug|Any CPU
		{53D0CEB6-6AE1-47C7-BC0D-858C8E0425D6}.Debug|x64.Build.0 = Debug|Any CPU
		{53D0CEB6-6AE1-47C7-BC0D-858C8E0425D6}.Debug|x86.ActiveCfg = Debug|Any CPU
		{53D0CEB6-6AE1-47C7-BC0D-858C8E0425D6}.Debug|x86.Build.0 = Debug|Any CPU
		{53D0CEB6-6AE1-47C7-BC0D-858C8E0425D6}.Release|Any CPU.ActiveCfg = Release|Any CPU
		{53D0CEB6-6AE1-47C7-BC0D-858C8E0425D6}.Release|Any CPU.Build.0 = Release|Any CPU
		{53D0CEB6-6AE1-47C7-BC0D-858C8E0425D6}.Release|x64.ActiveCfg = Release|Any CPU
		{53D0CEB6-6AE1-47C7-BC0D-858C8E0425D6}.Release|x64.Build.0 = Release|Any CPU
		{53D0CEB6-6AE1-47C7-BC0D-858C8E0425D6}.Release|x86.ActiveCfg = Release|Any CPU
		{53D0CEB6-6AE1-47C7-BC0D-858C8E0425D6}.Release|x86.Build.0 = Release|Any CPU
		{9337D8C6-10B3-483A-9CC9-3B23D63FB7DB}.Debug|Any CPU.ActiveCfg = Debug|Any CPU
		{9337D8C6-10B3-483A-9CC9-3B23D63FB7DB}.Debug|Any CPU.Build.0 = Debug|Any CPU
		{9337D8C6-10B3-483A-9CC9-3B23D63FB7DB}.Debug|x64.ActiveCfg = Debug|Any CPU
		{9337D8C6-10B3-483A-9CC9-3B23D63FB7DB}.Debug|x64.Build.0 = Debug|Any CPU
		{9337D8C6-10B3-483A-9CC9-3B23D63FB7DB}.Debug|x86.ActiveCfg = Debug|Any CPU
		{9337D8C6-10B3-483A-9CC9-3B23D63FB7DB}.Debug|x86.Build.0 = Debug|Any CPU
		{9337D8C6-10B3-483A-9CC9-3B23D63FB7DB}.Release|Any CPU.ActiveCfg = Release|Any CPU
		{9337D8C6-10B3-483A-9CC9-3B23D63FB7DB}.Release|Any CPU.Build.0 = Release|Any CPU
		{9337D8C6-10B3-483A-9CC9-3B23D63FB7DB}.Release|x64.ActiveCfg = Release|Any CPU
		{9337D8C6-10B3-483A-9CC9-3B23D63FB7DB}.Release|x64.Build.0 = Release|Any CPU
		{9337D8C6-10B3-483A-9CC9-3B23D63FB7DB}.Release|x86.ActiveCfg = Release|Any CPU
		{9337D8C6-10B3-483A-9CC9-3B23D63FB7DB}.Release|x86.Build.0 = Release|Any CPU
		{A8EBAE76-884E-4649-B171-769BF4FD41A9}.Debug|Any CPU.ActiveCfg = Debug|Any CPU
		{A8EBAE76-884E-4649-B171-769BF4FD41A9}.Debug|Any CPU.Build.0 = Debug|Any CPU
		{A8EBAE76-884E-4649-B171-769BF4FD41A9}.Debug|x64.ActiveCfg = Debug|Any CPU
		{A8EBAE76-884E-4649-B171-769BF4FD41A9}.Debug|x64.Build.0 = Debug|Any CPU
		{A8EBAE76-884E-4649-B171-769BF4FD41A9}.Debug|x86.ActiveCfg = Debug|Any CPU
		{A8EBAE76-884E-4649-B171-769BF4FD41A9}.Debug|x86.Build.0 = Debug|Any CPU
		{A8EBAE76-884E-4649-B171-769BF4FD41A9}.Release|Any CPU.ActiveCfg = Release|Any CPU
		{A8EBAE76-884E-4649-B171-769BF4FD41A9}.Release|Any CPU.Build.0 = Release|Any CPU
		{A8EBAE76-884E-4649-B171-769BF4FD41A9}.Release|x64.ActiveCfg = Release|Any CPU
		{A8EBAE76-884E-4649-B171-769BF4FD41A9}.Release|x64.Build.0 = Release|Any CPU
		{A8EBAE76-884E-4649-B171-769BF4FD41A9}.Release|x86.ActiveCfg = Release|Any CPU
		{A8EBAE76-884E-4649-B171-769BF4FD41A9}.Release|x86.Build.0 = Release|Any CPU
	EndGlobalSection
EndGlobal
